
Microsoft Visual Studio Solution File, Format Version 12.00
# Visual Studio Version 17
VisualStudioVersion = 17.4.33213.308
MinimumVisualStudioVersion = 10.0.40219.1
Project("{2150E333-8FDC-42A3-9474-1A3956D46DE8}") = "tests", "tests", "{6D08DEBF-4AA8-4CEA-B392-D683E57C5FF5}"
EndProject
Project("{FAE04EC0-301F-11D3-BF4B-00C04F79EFBC}") = "GithubActionTestFullFramework", "src\GithubActionTestFullFramework\GithubActionTestFullFramework.csproj", "{A5689B89-31C7-49FE-921D-A1C1C38D4CA6}"
EndProject
Project("{FAE04EC0-301F-11D3-BF4B-00C04F79EFBC}") = "ProjectUnitTest", "test\ProjectUnitTest\ProjectUnitTest.csproj", "{B8DE32C1-D058-4458-A287-DDA384059C52}"
EndProject
Global
	GlobalSection(SolutionConfigurationPlatforms) = preSolution
		Debug|Any CPU = Debug|Any CPU
		Release|Any CPU = Release|Any CPU
	EndGlobalSection
	GlobalSection(ProjectConfigurationPlatforms) = postSolution
		{A5689B89-31C7-49FE-921D-A1C1C38D4CA6}.Debug|Any CPU.ActiveCfg = Debug|Any CPU
		{A5689B89-31C7-49FE-921D-A1C1C38D4CA6}.Debug|Any CPU.Build.0 = Debug|Any CPU
		{A5689B89-31C7-49FE-921D-A1C1C38D4CA6}.Release|Any CPU.ActiveCfg = Release|Any CPU
		{A5689B89-31C7-49FE-921D-A1C1C38D4CA6}.Release|Any CPU.Build.0 = Release|Any CPU
		{B8DE32C1-D058-4458-A287-DDA384059C52}.Debug|Any CPU.ActiveCfg = Debug|Any CPU
		{B8DE32C1-D058-4458-A287-DDA384059C52}.Debug|Any CPU.Build.0 = Debug|Any CPU
		{B8DE32C1-D058-4458-A287-DDA384059C52}.Release|Any CPU.ActiveCfg = Release|Any CPU
		{B8DE32C1-D058-4458-A287-DDA384059C52}.Release|Any CPU.Build.0 = Release|Any CPU
	EndGlobalSection
	GlobalSection(SolutionProperties) = preSolution
		HideSolutionNode = FALSE
	EndGlobalSection
	GlobalSection(NestedProjects) = preSolution
		{B8DE32C1-D058-4458-A287-DDA384059C52} = {6D08DEBF-4AA8-4CEA-B392-D683E57C5FF5}
	EndGlobalSection
	GlobalSection(ExtensibilityGlobals) = postSolution
		SolutionGuid = {0F5DDDBA-0FD9-4CAC-83DD-4D46FB1C2464}
	EndGlobalSection
EndGlobal
